
Microsoft Visual Studio Solution File, Format Version 12.00
# Visual Studio Version 16
VisualStudioVersion = 16.0.32510.428
MinimumVisualStudioVersion = 10.0.40219.1
Project("{FAE04EC0-301F-11D3-BF4B-00C04F79EFBC}") = "Video.Android", "Video\Video.Android\Video.Android.csproj", "{14F7D3C3-53B1-4A91-A5D9-0F76CE09A813}"
EndProject
Project("{FAE04EC0-301F-11D3-BF4B-00C04F79EFBC}") = "Video", "Video\Video\Video.csproj", "{C5CB476E-6363-4ADE-966B-D1AD1DC9ED17}"
EndProject
Global
	GlobalSection(SolutionConfigurationPlatforms) = preSolution
		Debug|Any CPU = Debug|Any CPU
		Release|Any CPU = Release|Any CPU
	EndGlobalSection
	GlobalSection(ProjectConfigurationPlatforms) = postSolution
		{14F7D3C3-53B1-4A91-A5D9-0F76CE09A813}.Debug|Any CPU.ActiveCfg = Debug|Any CPU
		{14F7D3C3-53B1-4A91-A5D9-0F76CE09A813}.Debug|Any CPU.Build.0 = Debug|Any CPU
		{14F7D3C3-53B1-4A91-A5D9-0F76CE09A813}.Debug|Any CPU.Deploy.0 = Debug|Any CPU
		{14F7D3C3-53B1-4A91-A5D9-0F76CE09A813}.Release|Any CPU.ActiveCfg = Release|Any CPU
		{14F7D3C3-53B1-4A91-A5D9-0F76CE09A813}.Release|Any CPU.Build.0 = Release|Any CPU
		{14F7D3C3-53B1-4A91-A5D9-0F76CE09A813}.Release|Any CPU.Deploy.0 = Release|Any CPU
		{C5CB476E-6363-4ADE-966B-D1AD1DC9ED17}.Debug|Any CPU.ActiveCfg = Debug|Any CPU
		{C5CB476E-6363-4ADE-966B-D1AD1DC9ED17}.Debug|Any CPU.Build.0 = Debug|Any CPU
		{C5CB476E-6363-4ADE-966B-D1AD1DC9ED17}.Debug|Any CPU.Deploy.0 = Debug|Any CPU
		{C5CB476E-6363-4ADE-966B-D1AD1DC9ED17}.Release|Any CPU.ActiveCfg = Release|Any CPU
		{C5CB476E-6363-4ADE-966B-D1AD1DC9ED17}.Release|Any CPU.Build.0 = Release|Any CPU
		{C5CB476E-6363-4ADE-966B-D1AD1DC9ED17}.Release|Any CPU.Deploy.0 = Release|Any CPU
	EndGlobalSection
	GlobalSection(SolutionProperties) = preSolution
		HideSolutionNode = FALSE
	EndGlobalSection
	GlobalSection(ExtensibilityGlobals) = postSolution
		SolutionGuid = {418E51B0-B1A4-4F19-9040-1C499CF48844}
	EndGlobalSection
EndGlobal
